{
  "name": "typeconf-monorepo",
  "version": "1.0.0",
  "lockfileVersion": 3,
  "requires": true,
  "packages": {
    "": {
      "name": "typeconf-monorepo",
      "devDependencies": {
        "prettier": "3.4.1"
      }
    },
    "node_modules/prettier": {
      "version": "3.4.1",
      "resolved": "https://registry.npmjs.org/prettier/-/prettier-3.4.1.tgz",
      "integrity": "sha512-G+YdqtITVZmOJje6QkXQWzl3fSfMxFwm1tjTyo9exhkmWSqC4Yhd1+lug++IlR2mvRVAxEDDWYkQdeSztajqgg==",
      "dev": true,
      "license": "MIT",
      "bin": {
        "prettier": "bin/prettier.cjs"
      },
      "engines": {
        "node": ">=14"
      },
      "funding": {
        "url": "https://github.com/prettier/prettier?sponsor=1"
      }
    },
    "packages/config-emitter": {
      "name": "@typeconf/config-emitter",
      "version": "0.1.2",
      "extraneous": true,
      "license": "Apache-2.0",
      "dependencies": {
        "@typespec-tools/emitter-typescript": "^0.3.0",
        "@typespec/compiler": "^0.62.0"
      },
      "devDependencies": {
        "@types/node": "^22.10.0",
        "prettier": "^3.4.1",
        "typescript": "^5.7.2"
      },
      "engines": {
        "node": ">=18"
      }
    },
    "packages/typeconf": {
      "name": "@typeconf/typeconf",
      "version": "0.2.0",
      "extraneous": true,
      "license": "Apache-2.0",
      "dependencies": {
        "@supabase/supabase-js": "^2.46.1",
        "@typeconf/config-emitter": "workspace:*",
        "@typespec/compiler": "^0.62.0",
        "commander": "^12.1.0",
        "prompts": "^2.4.2"
      },
      "bin": {
        "typeconf": "dist/src/cli.js"
      },
      "devDependencies": {
        "@types/node": "^22.10.0",
        "@types/prompts": "^2.4.9",
        "typescript": "^5.7.2"
      },
      "engines": {
        "node": ">=18"
      }
    },
    "packages/typeconf-sdk": {
      "name": "@typeconf/typeconf-sdk",
      "version": "0.0.1",
      "extraneous": true,
      "license": "ISC",
      "devDependencies": {
        "@types/node": "^22.9.0",
        "typescript": "^5.6.3"
      }
    }
  }
}
